
Microsoft Visual Studio Solution File, Format Version 11.00
# Visual Studio 2010
Project("{FAE04EC0-301F-11D3-BF4B-00C04F79EFBC}") = "Com.SharpZebra", "Com.SharpZebra.csproj", "{31D7D48D-D093-4B68-B540-0CD4F2220C30}"
EndProject
Project("{FAE04EC0-301F-11D3-BF4B-00C04F79EFBC}") = "testzebra", "..\testzebra\testzebra.csproj", "{C0C4F8DF-EE41-4E18-A87C-8D9D9F60CFBB}"
EndProject
Project("{FAE04EC0-301F-11D3-BF4B-00C04F79EFBC}") = "CSSPrintZebraLabel", "..\CSSPrintZebraLabel\CSSPrintZebraLabel.csproj", "{7E0A2BC2-FA51-4AC9-887A-74C342B9C2FA}"
EndProject
Project("{FAE04EC0-301F-11D3-BF4B-00C04F79EFBC}") = "ResizeImageFolder", "..\..\..\Documents\GitHub\EtiquetasMH\EtiquetasMH\ResizeImageFolder\ResizeImageFolder\ResizeImageFolder.csproj", "{331AD5EF-D877-4453-8C76-746E2D3AF55F}"
EndProject
Global
	GlobalSection(SolutionConfigurationPlatforms) = preSolution
		Debug Webpage|Any CPU = Debug Webpage|Any CPU
		Debug Webpage|Mixed Platforms = Debug Webpage|Mixed Platforms
		Debug Webpage|x86 = Debug Webpage|x86
		Debug|Any CPU = Debug|Any CPU
		Debug|Mixed Platforms = Debug|Mixed Platforms
		Debug|x86 = Debug|x86
		Release|Any CPU = Release|Any CPU
		Release|Mixed Platforms = Release|Mixed Platforms
		Release|x86 = Release|x86
	EndGlobalSection
	GlobalSection(ProjectConfigurationPlatforms) = postSolution
		{31D7D48D-D093-4B68-B540-0CD4F2220C30}.Debug Webpage|Any CPU.ActiveCfg = Debug Webpage|Any CPU
		{31D7D48D-D093-4B68-B540-0CD4F2220C30}.Debug Webpage|Any CPU.Build.0 = Debug Webpage|Any CPU
		{31D7D48D-D093-4B68-B540-0CD4F2220C30}.Debug Webpage|Mixed Platforms.ActiveCfg = Debug Webpage|Any CPU
		{31D7D48D-D093-4B68-B540-0CD4F2220C30}.Debug Webpage|Mixed Platforms.Build.0 = Debug Webpage|Any CPU
		{31D7D48D-D093-4B68-B540-0CD4F2220C30}.Debug Webpage|x86.ActiveCfg = Debug Webpage|Any CPU
		{31D7D48D-D093-4B68-B540-0CD4F2220C30}.Debug|Any CPU.ActiveCfg = Debug|Any CPU
		{31D7D48D-D093-4B68-B540-0CD4F2220C30}.Debug|Any CPU.Build.0 = Debug|Any CPU
		{31D7D48D-D093-4B68-B540-0CD4F2220C30}.Debug|Mixed Platforms.ActiveCfg = Debug|Any CPU
		{31D7D48D-D093-4B68-B540-0CD4F2220C30}.Debug|Mixed Platforms.Build.0 = Debug|Any CPU
		{31D7D48D-D093-4B68-B540-0CD4F2220C30}.Debug|x86.ActiveCfg = Debug|Any CPU
		{31D7D48D-D093-4B68-B540-0CD4F2220C30}.Release|Any CPU.ActiveCfg = Release|Any CPU
		{31D7D48D-D093-4B68-B540-0CD4F2220C30}.Release|Any CPU.Build.0 = Release|Any CPU
		{31D7D48D-D093-4B68-B540-0CD4F2220C30}.Release|Mixed Platforms.ActiveCfg = Release|Any CPU
		{31D7D48D-D093-4B68-B540-0CD4F2220C30}.Release|Mixed Platforms.Build.0 = Release|Any CPU
		{31D7D48D-D093-4B68-B540-0CD4F2220C30}.Release|x86.ActiveCfg = Release|Any CPU
		{C0C4F8DF-EE41-4E18-A87C-8D9D9F60CFBB}.Debug Webpage|Any CPU.ActiveCfg = Debug|x86
		{C0C4F8DF-EE41-4E18-A87C-8D9D9F60CFBB}.Debug Webpage|Mixed Platforms.ActiveCfg = Debug|x86
		{C0C4F8DF-EE41-4E18-A87C-8D9D9F60CFBB}.Debug Webpage|Mixed Platforms.Build.0 = Debug|x86
		{C0C4F8DF-EE41-4E18-A87C-8D9D9F60CFBB}.Debug Webpage|x86.ActiveCfg = Debug|x86
		{C0C4F8DF-EE41-4E18-A87C-8D9D9F60CFBB}.Debug Webpage|x86.Build.0 = Debug|x86
		{C0C4F8DF-EE41-4E18-A87C-8D9D9F60CFBB}.Debug|Any CPU.ActiveCfg = Debug|x86
		{C0C4F8DF-EE41-4E18-A87C-8D9D9F60CFBB}.Debug|Mixed Platforms.ActiveCfg = Debug|x86
		{C0C4F8DF-EE41-4E18-A87C-8D9D9F60CFBB}.Debug|Mixed Platforms.Build.0 = Debug|x86
		{C0C4F8DF-EE41-4E18-A87C-8D9D9F60CFBB}.Debug|x86.ActiveCfg = Debug|x86
		{C0C4F8DF-EE41-4E18-A87C-8D9D9F60CFBB}.Debug|x86.Build.0 = Debug|x86
		{C0C4F8DF-EE41-4E18-A87C-8D9D9F60CFBB}.Release|Any CPU.ActiveCfg = Release|x86
		{C0C4F8DF-EE41-4E18-A87C-8D9D9F60CFBB}.Release|Mixed Platforms.ActiveCfg = Release|x86
		{C0C4F8DF-EE41-4E18-A87C-8D9D9F60CFBB}.Release|Mixed Platforms.Build.0 = Release|x86
		{C0C4F8DF-EE41-4E18-A87C-8D9D9F60CFBB}.Release|x86.ActiveCfg = Release|x86
		{C0C4F8DF-EE41-4E18-A87C-8D9D9F60CFBB}.Release|x86.Build.0 = Release|x86
		{7E0A2BC2-FA51-4AC9-887A-74C342B9C2FA}.Debug Webpage|Any CPU.ActiveCfg = Debug|x86
		{7E0A2BC2-FA51-4AC9-887A-74C342B9C2FA}.Debug Webpage|Mixed Platforms.ActiveCfg = Debug|x86
		{7E0A2BC2-FA51-4AC9-887A-74C342B9C2FA}.Debug Webpage|Mixed Platforms.Build.0 = Debug|x86
		{7E0A2BC2-FA51-4AC9-887A-74C342B9C2FA}.Debug Webpage|x86.ActiveCfg = Debug|x86
		{7E0A2BC2-FA51-4AC9-887A-74C342B9C2FA}.Debug Webpage|x86.Build.0 = Debug|x86
		{7E0A2BC2-FA51-4AC9-887A-74C342B9C2FA}.Debug|Any CPU.ActiveCfg = Debug|x86
		{7E0A2BC2-FA51-4AC9-887A-74C342B9C2FA}.Debug|Mixed Platforms.ActiveCfg = Debug|x86
		{7E0A2BC2-FA51-4AC9-887A-74C342B9C2FA}.Debug|Mixed Platforms.Build.0 = Debug|x86
		{7E0A2BC2-FA51-4AC9-887A-74C342B9C2FA}.Debug|x86.ActiveCfg = Debug|x86
		{7E0A2BC2-FA51-4AC9-887A-74C342B9C2FA}.Debug|x86.Build.0 = Debug|x86
		{7E0A2BC2-FA51-4AC9-887A-74C342B9C2FA}.Release|Any CPU.ActiveCfg = Release|x86
		{7E0A2BC2-FA51-4AC9-887A-74C342B9C2FA}.Release|Mixed Platforms.ActiveCfg = Release|x86
		{7E0A2BC2-FA51-4AC9-887A-74C342B9C2FA}.Release|Mixed Platforms.Build.0 = Release|x86
		{7E0A2BC2-FA51-4AC9-887A-74C342B9C2FA}.Release|x86.ActiveCfg = Release|x86
		{7E0A2BC2-FA51-4AC9-887A-74C342B9C2FA}.Release|x86.Build.0 = Release|x86
		{331AD5EF-D877-4453-8C76-746E2D3AF55F}.Debug Webpage|Any CPU.ActiveCfg = Debug|x86
		{331AD5EF-D877-4453-8C76-746E2D3AF55F}.Debug Webpage|Mixed Platforms.ActiveCfg = Debug|x86
		{331AD5EF-D877-4453-8C76-746E2D3AF55F}.Debug Webpage|Mixed Platforms.Build.0 = Debug|x86
		{331AD5EF-D877-4453-8C76-746E2D3AF55F}.Debug Webpage|x86.ActiveCfg = Debug|x86
		{331AD5EF-D877-4453-8C76-746E2D3AF55F}.Debug Webpage|x86.Build.0 = Debug|x86
		{331AD5EF-D877-4453-8C76-746E2D3AF55F}.Debug|Any CPU.ActiveCfg = Debug|x86
		{331AD5EF-D877-4453-8C76-746E2D3AF55F}.Debug|Mixed Platforms.ActiveCfg = Debug|x86
		{331AD5EF-D877-4453-8C76-746E2D3AF55F}.Debug|Mixed Platforms.Build.0 = Debug|x86
		{331AD5EF-D877-4453-8C76-746E2D3AF55F}.Debug|x86.ActiveCfg = Debug|x86
		{331AD5EF-D877-4453-8C76-746E2D3AF55F}.Debug|x86.Build.0 = Debug|x86
		{331AD5EF-D877-4453-8C76-746E2D3AF55F}.Release|Any CPU.ActiveCfg = Release|x86
		{331AD5EF-D877-4453-8C76-746E2D3AF55F}.Release|Mixed Platforms.ActiveCfg = Release|x86
		{331AD5EF-D877-4453-8C76-746E2D3AF55F}.Release|Mixed Platforms.Build.0 = Release|x86
		{331AD5EF-D877-4453-8C76-746E2D3AF55F}.Release|x86.ActiveCfg = Release|x86
		{331AD5EF-D877-4453-8C76-746E2D3AF55F}.Release|x86.Build.0 = Release|x86
	EndGlobalSection
	GlobalSection(SolutionProperties) = preSolution
		HideSolutionNode = FALSE
	EndGlobalSection
EndGlobal
