
Microsoft Visual Studio Solution File, Format Version 11.00
# Visual Studio 2010
Project("{2150E333-8FDC-42A3-9474-1A3956D46DE8}") = "UI", "UI", "{ECB95CD4-9F60-4CEB-969E-C704A9FF49E5}"
EndProject
Project("{FAE04EC0-301F-11D3-BF4B-00C04F79EFBC}") = "Orkidea.ComisionesMH.UI", "Orkidea.ComisionesMH.UI\Orkidea.ComisionesMH.UI.csproj", "{CDF63374-5CF7-4BD3-A328-04E226AEF4F0}"
EndProject
Project("{54435603-DBB4-11D2-8724-00A0C9A8B90C}") = "ComisionesInstaller", "ComisionesInstaller\ComisionesInstaller.vdproj", "{80368D78-0C95-41C8-BD94-4BACE735BB93}"
EndProject
Global
	GlobalSection(SolutionConfigurationPlatforms) = preSolution
		Debug|x86 = Debug|x86
		Release|x86 = Release|x86
	EndGlobalSection
	GlobalSection(ProjectConfigurationPlatforms) = postSolution
		{CDF63374-5CF7-4BD3-A328-04E226AEF4F0}.Debug|x86.ActiveCfg = Debug|x86
		{CDF63374-5CF7-4BD3-A328-04E226AEF4F0}.Debug|x86.Build.0 = Debug|x86
		{CDF63374-5CF7-4BD3-A328-04E226AEF4F0}.Release|x86.ActiveCfg = Release|x86
		{CDF63374-5CF7-4BD3-A328-04E226AEF4F0}.Release|x86.Build.0 = Release|x86
		{80368D78-0C95-41C8-BD94-4BACE735BB93}.Debug|x86.ActiveCfg = Debug
		{80368D78-0C95-41C8-BD94-4BACE735BB93}.Release|x86.ActiveCfg = Release
	EndGlobalSection
	GlobalSection(SolutionProperties) = preSolution
		HideSolutionNode = FALSE
	EndGlobalSection
	GlobalSection(NestedProjects) = preSolution
		{CDF63374-5CF7-4BD3-A328-04E226AEF4F0} = {ECB95CD4-9F60-4CEB-969E-C704A9FF49E5}
		{80368D78-0C95-41C8-BD94-4BACE735BB93} = {ECB95CD4-9F60-4CEB-969E-C704A9FF49E5}
	EndGlobalSection
EndGlobal
