
Microsoft Visual Studio Solution File, Format Version 11.00
# Visual Studio 2010
Project("{FAE04EC0-301F-11D3-BF4B-00C04F79EFBC}") = "Orkidea.MH.IntegracionContable.Business", "Orkidea.MH.IntegracionContable.Business\Orkidea.MH.IntegracionContable.Business.csproj", "{7CF40182-89DB-4E8F-82C9-7195E2B5F98B}"
EndProject
Project("{2150E333-8FDC-42A3-9474-1A3956D46DE8}") = "Business", "Business", "{1EFF2A4F-E708-463A-AE42-363099177D67}"
EndProject
Project("{2150E333-8FDC-42A3-9474-1A3956D46DE8}") = "Data Management", "Data Management", "{200CEF4F-52BD-4AB5-BC19-71809A086D0C}"
EndProject
Project("{FAE04EC0-301F-11D3-BF4B-00C04F79EFBC}") = "Orkidea.MH.IntegracionContable.Entities", "Orkidea.MH.IntegracionContable.Entities\Orkidea.MH.IntegracionContable.Entities.csproj", "{3019E2C7-440C-4A1C-B3BC-02CEE350FBFF}"
EndProject
Project("{2150E333-8FDC-42A3-9474-1A3956D46DE8}") = "UI", "UI", "{140F2090-7CA1-4CC9-A394-E331CD2DA23F}"
EndProject
Project("{FAE04EC0-301F-11D3-BF4B-00C04F79EFBC}") = "Orkidea.MH.IntegracionContable.Presentation", "Orkidea.MH.IntegracionContable.Presentation\Orkidea.MH.IntegracionContable.Presentation.csproj", "{8F43E0CD-8160-4379-B37C-E221086545C7}"
EndProject
Project("{F184B08F-C81C-45F6-A57F-5ABD9991F28F}") = "ClsAccesoDatos", "C:\Users\User\Dropbox\Empresa\Metodologia_y_recursos\Libraries\ClsAccesoDatos\ClsAccesoDatos\ClsAccesoDatos.vbproj", "{69903BC7-3BCF-4A6A-BAFA-87A16E2D7578}"
EndProject
Project("{2150E333-8FDC-42A3-9474-1A3956D46DE8}") = "Despliegue", "Despliegue", "{B2A3BF27-9C11-4240-9FF0-5872A03ABC9D}"
EndProject
Project("{54435603-DBB4-11D2-8724-00A0C9A8B90C}") = "IntegracionContable", "IntegracionContable\IntegracionContable.vdproj", "{97243BB9-56F3-47E3-8639-12836ED8F330}"
EndProject
Global
	GlobalSection(SolutionConfigurationPlatforms) = preSolution
		Debug|Any CPU = Debug|Any CPU
		Debug|Mixed Platforms = Debug|Mixed Platforms
		Debug|x86 = Debug|x86
		Release|Any CPU = Release|Any CPU
		Release|Mixed Platforms = Release|Mixed Platforms
		Release|x86 = Release|x86
	EndGlobalSection
	GlobalSection(ProjectConfigurationPlatforms) = postSolution
		{7CF40182-89DB-4E8F-82C9-7195E2B5F98B}.Debug|Any CPU.ActiveCfg = Debug|Any CPU
		{7CF40182-89DB-4E8F-82C9-7195E2B5F98B}.Debug|Any CPU.Build.0 = Debug|Any CPU
		{7CF40182-89DB-4E8F-82C9-7195E2B5F98B}.Debug|Mixed Platforms.ActiveCfg = Debug|Any CPU
		{7CF40182-89DB-4E8F-82C9-7195E2B5F98B}.Debug|Mixed Platforms.Build.0 = Debug|Any CPU
		{7CF40182-89DB-4E8F-82C9-7195E2B5F98B}.Debug|x86.ActiveCfg = Debug|Any CPU
		{7CF40182-89DB-4E8F-82C9-7195E2B5F98B}.Release|Any CPU.ActiveCfg = Release|Any CPU
		{7CF40182-89DB-4E8F-82C9-7195E2B5F98B}.Release|Any CPU.Build.0 = Release|Any CPU
		{7CF40182-89DB-4E8F-82C9-7195E2B5F98B}.Release|Mixed Platforms.ActiveCfg = Release|Any CPU
		{7CF40182-89DB-4E8F-82C9-7195E2B5F98B}.Release|Mixed Platforms.Build.0 = Release|Any CPU
		{7CF40182-89DB-4E8F-82C9-7195E2B5F98B}.Release|x86.ActiveCfg = Release|Any CPU
		{3019E2C7-440C-4A1C-B3BC-02CEE350FBFF}.Debug|Any CPU.ActiveCfg = Debug|Any CPU
		{3019E2C7-440C-4A1C-B3BC-02CEE350FBFF}.Debug|Any CPU.Build.0 = Debug|Any CPU
		{3019E2C7-440C-4A1C-B3BC-02CEE350FBFF}.Debug|Mixed Platforms.ActiveCfg = Debug|Any CPU
		{3019E2C7-440C-4A1C-B3BC-02CEE350FBFF}.Debug|Mixed Platforms.Build.0 = Debug|Any CPU
		{3019E2C7-440C-4A1C-B3BC-02CEE350FBFF}.Debug|x86.ActiveCfg = Debug|Any CPU
		{3019E2C7-440C-4A1C-B3BC-02CEE350FBFF}.Release|Any CPU.ActiveCfg = Release|Any CPU
		{3019E2C7-440C-4A1C-B3BC-02CEE350FBFF}.Release|Any CPU.Build.0 = Release|Any CPU
		{3019E2C7-440C-4A1C-B3BC-02CEE350FBFF}.Release|Mixed Platforms.ActiveCfg = Release|Any CPU
		{3019E2C7-440C-4A1C-B3BC-02CEE350FBFF}.Release|Mixed Platforms.Build.0 = Release|Any CPU
		{3019E2C7-440C-4A1C-B3BC-02CEE350FBFF}.Release|x86.ActiveCfg = Release|Any CPU
		{8F43E0CD-8160-4379-B37C-E221086545C7}.Debug|Any CPU.ActiveCfg = Debug|x86
		{8F43E0CD-8160-4379-B37C-E221086545C7}.Debug|Mixed Platforms.ActiveCfg = Debug|x86
		{8F43E0CD-8160-4379-B37C-E221086545C7}.Debug|Mixed Platforms.Build.0 = Debug|x86
		{8F43E0CD-8160-4379-B37C-E221086545C7}.Debug|x86.ActiveCfg = Debug|x86
		{8F43E0CD-8160-4379-B37C-E221086545C7}.Debug|x86.Build.0 = Debug|x86
		{8F43E0CD-8160-4379-B37C-E221086545C7}.Release|Any CPU.ActiveCfg = Release|x86
		{8F43E0CD-8160-4379-B37C-E221086545C7}.Release|Mixed Platforms.ActiveCfg = Release|x86
		{8F43E0CD-8160-4379-B37C-E221086545C7}.Release|Mixed Platforms.Build.0 = Release|x86
		{8F43E0CD-8160-4379-B37C-E221086545C7}.Release|x86.ActiveCfg = Release|x86
		{8F43E0CD-8160-4379-B37C-E221086545C7}.Release|x86.Build.0 = Release|x86
		{69903BC7-3BCF-4A6A-BAFA-87A16E2D7578}.Debug|Any CPU.ActiveCfg = Debug|Any CPU
		{69903BC7-3BCF-4A6A-BAFA-87A16E2D7578}.Debug|Any CPU.Build.0 = Debug|Any CPU
		{69903BC7-3BCF-4A6A-BAFA-87A16E2D7578}.Debug|Mixed Platforms.ActiveCfg = Debug|Any CPU
		{69903BC7-3BCF-4A6A-BAFA-87A16E2D7578}.Debug|Mixed Platforms.Build.0 = Debug|Any CPU
		{69903BC7-3BCF-4A6A-BAFA-87A16E2D7578}.Debug|x86.ActiveCfg = Debug|Any CPU
		{69903BC7-3BCF-4A6A-BAFA-87A16E2D7578}.Release|Any CPU.ActiveCfg = Release|Any CPU
		{69903BC7-3BCF-4A6A-BAFA-87A16E2D7578}.Release|Any CPU.Build.0 = Release|Any CPU
		{69903BC7-3BCF-4A6A-BAFA-87A16E2D7578}.Release|Mixed Platforms.ActiveCfg = Release|Any CPU
		{69903BC7-3BCF-4A6A-BAFA-87A16E2D7578}.Release|Mixed Platforms.Build.0 = Release|Any CPU
		{69903BC7-3BCF-4A6A-BAFA-87A16E2D7578}.Release|x86.ActiveCfg = Release|Any CPU
		{97243BB9-56F3-47E3-8639-12836ED8F330}.Debug|Any CPU.ActiveCfg = Debug
		{97243BB9-56F3-47E3-8639-12836ED8F330}.Debug|Mixed Platforms.ActiveCfg = Debug
		{97243BB9-56F3-47E3-8639-12836ED8F330}.Debug|x86.ActiveCfg = Debug
		{97243BB9-56F3-47E3-8639-12836ED8F330}.Release|Any CPU.ActiveCfg = Release
		{97243BB9-56F3-47E3-8639-12836ED8F330}.Release|Mixed Platforms.ActiveCfg = Release
		{97243BB9-56F3-47E3-8639-12836ED8F330}.Release|x86.ActiveCfg = Release
	EndGlobalSection
	GlobalSection(SolutionProperties) = preSolution
		HideSolutionNode = FALSE
	EndGlobalSection
	GlobalSection(NestedProjects) = preSolution
		{7CF40182-89DB-4E8F-82C9-7195E2B5F98B} = {1EFF2A4F-E708-463A-AE42-363099177D67}
		{3019E2C7-440C-4A1C-B3BC-02CEE350FBFF} = {200CEF4F-52BD-4AB5-BC19-71809A086D0C}
		{69903BC7-3BCF-4A6A-BAFA-87A16E2D7578} = {200CEF4F-52BD-4AB5-BC19-71809A086D0C}
		{8F43E0CD-8160-4379-B37C-E221086545C7} = {140F2090-7CA1-4CC9-A394-E331CD2DA23F}
		{97243BB9-56F3-47E3-8639-12836ED8F330} = {B2A3BF27-9C11-4240-9FF0-5872A03ABC9D}
	EndGlobalSection
EndGlobal
